// !$*UTF8*$!
{
	archiveVersion = 1;
	classes = {
	};
	objectVersion = 55;
	objects = {

/* Begin PBXBuildFile section */
		EFFEFA7028131AE40016A7FD /* AppDelegate.swift in Sources */ = {isa = PBXBuildFile; fileRef = EFFEFA6F28131AE40016A7FD /* AppDelegate.swift */; };
		EFFEFA7228131AE40016A7FD /* GameScene.sks in Resources */ = {isa = PBXBuildFile; fileRef = EFFEFA7128131AE40016A7FD /* GameScene.sks */; };
		EFFEFA7428131AE40016A7FD /* Actions.sks in Resources */ = {isa = PBXBuildFile; fileRef = EFFEFA7328131AE40016A7FD /* Actions.sks */; };
		EFFEFA7628131AE40016A7FD /* GameScene.swift in Sources */ = {isa = PBXBuildFile; fileRef = EFFEFA7528131AE40016A7FD /* GameScene.swift */; };
		EFFEFA7828131AE40016A7FD /* GameViewController.swift in Sources */ = {isa = PBXBuildFile; fileRef = EFFEFA7728131AE40016A7FD /* GameViewController.swift */; };
		EFFEFA7B28131AE40016A7FD /* Main.storyboard in Resources */ = {isa = PBXBuildFile; fileRef = EFFEFA7928131AE40016A7FD /* Main.storyboard */; };
		EFFEFA7D28131AE60016A7FD /* Assets.xcassets in Resources */ = {isa = PBXBuildFile; fileRef = EFFEFA7C28131AE60016A7FD /* Assets.xcassets */; };
		EFFEFA8028131AE60016A7FD /* LaunchScreen.storyboard in Resources */ = {isa = PBXBuildFile; fileRef = EFFEFA7E28131AE60016A7FD /* LaunchScreen.storyboard */; };
		EFFEFA8A28131AE60016A7FD /* SpaceInvaders_EduTests.swift in Sources */ = {isa = PBXBuildFile; fileRef = EFFEFA8928131AE60016A7FD /* SpaceInvaders_EduTests.swift */; };
		EFFEFA9428131AE60016A7FD /* SpaceInvaders_EduUITests.swift in Sources */ = {isa = PBXBuildFile; fileRef = EFFEFA9328131AE60016A7FD /* SpaceInvaders_EduUITests.swift */; };
		EFFEFA9628131AE60016A7FD /* SpaceInvaders_EduUITestsLaunchTests.swift in Sources */ = {isa = PBXBuildFile; fileRef = EFFEFA9528131AE60016A7FD /* SpaceInvaders_EduUITestsLaunchTests.swift */; };
/* End PBXBuildFile section */

/* Begin PBXContainerItemProxy section */
		EFFEFA8628131AE60016A7FD /* PBXContainerItemProxy */ = {
			isa = PBXContainerItemProxy;
			containerPortal = EFFEFA6428131AE40016A7FD /* Project object */;
			proxyType = 1;
			remoteGlobalIDString = EFFEFA6B28131AE40016A7FD;
			remoteInfo = SpaceInvaders_Edu;
		};
		EFFEFA9028131AE60016A7FD /* PBXContainerItemProxy */ = {
			isa = PBXContainerItemProxy;
			containerPortal = EFFEFA6428131AE40016A7FD /* Project object */;
			proxyType = 1;
			remoteGlobalIDString = EFFEFA6B28131AE40016A7FD;
			remoteInfo = SpaceInvaders_Edu;
		};
/* End PBXContainerItemProxy section */

/* Begin PBXFileReference section */
		EFFEFA6C28131AE40016A7FD /* SpaceInvaders_Edu.app */ = {isa = PBXFileReference; explicitFileType = wrapper.application; includeInIndex = 0; path = SpaceInvaders_Edu.app; sourceTree = BUILT_PRODUCTS_DIR; };
		EFFEFA6F28131AE40016A7FD /* AppDelegate.swift */ = {isa = PBXFileReference; lastKnownFileType = sourcecode.swift; path = AppDelegate.swift; sourceTree = "<group>"; };
		EFFEFA7128131AE40016A7FD /* GameScene.sks */ = {isa = PBXFileReference; lastKnownFileType = file.sks; path = GameScene.sks; sourceTree = "<group>"; };
		EFFEFA7328131AE40016A7FD /* Actions.sks */ = {isa = PBXFileReference; lastKnownFileType = file.sks; path = Actions.sks; sourceTree = "<group>"; };
		EFFEFA7528131AE40016A7FD /* GameScene.swift */ = {isa = PBXFileReference; lastKnownFileType = sourcecode.swift; path = GameScene.swift; sourceTree = "<group>"; };
		EFFEFA7728131AE40016A7FD /* GameViewController.swift */ = {isa = PBXFileReference; lastKnownFileType = sourcecode.swift; path = GameViewController.swift; sourceTree = "<group>"; };
		EFFEFA7A28131AE40016A7FD /* Base */ = {isa = PBXFileReference; lastKnownFileType = file.storyboard; name = Base; path = Base.lproj/Main.storyboard; sourceTree = "<group>"; };
		EFFEFA7C28131AE60016A7FD /* Assets.xcassets */ = {isa = PBXFileReference; lastKnownFileType = folder.assetcatalog; path = Assets.xcassets; sourceTree = "<group>"; };
		EFFEFA7F28131AE60016A7FD /* Base */ = {isa = PBXFileReference; lastKnownFileType = file.storyboard; name = Base; path = Base.lproj/LaunchScreen.storyboard; sourceTree = "<group>"; };
		EFFEFA8528131AE60016A7FD /* SpaceInvaders_EduTests.xctest */ = {isa = PBXFileReference; explicitFileType = wrapper.cfbundle; includeInIndex = 0; path = SpaceInvaders_EduTests.xctest; sourceTree = BUILT_PRODUCTS_DIR; };
		EFFEFA8928131AE60016A7FD /* SpaceInvaders_EduTests.swift */ = {isa = PBXFileReference; lastKnownFileType = sourcecode.swift; path = SpaceInvaders_EduTests.swift; sourceTree = "<group>"; };
		EFFEFA8F28131AE60016A7FD /* SpaceInvaders_EduUITests.xctest */ = {isa = PBXFileReference; explicitFileType = wrapper.cfbundle; includeInIndex = 0; path = SpaceInvaders_EduUITests.xctest; sourceTree = BUILT_PRODUCTS_DIR; };
		EFFEFA9328131AE60016A7FD /* SpaceInvaders_EduUITests.swift */ = {isa = PBXFileReference; lastKnownFileType = sourcecode.swift; path = SpaceInvaders_EduUITests.swift; sourceTree = "<group>"; };
		EFFEFA9528131AE60016A7FD /* SpaceInvaders_EduUITestsLaunchTests.swift */ = {isa = PBXFileReference; lastKnownFileType = sourcecode.swift; path = SpaceInvaders_EduUITestsLaunchTests.swift; sourceTree = "<group>"; };
/* End PBXFileReference section */

/* Begin PBXFrameworksBuildPhase section */
		EFFEFA6928131AE40016A7FD /* Frameworks */ = {
			isa = PBXFrameworksBuildPhase;
			buildActionMask = 2147483647;
			files = (
			);
			runOnlyForDeploymentPostprocessing = 0;
		};
		EFFEFA8228131AE60016A7FD /* Frameworks */ = {
			isa = PBXFrameworksBuildPhase;
			buildActionMask = 2147483647;
			files = (
			);
			runOnlyForDeploymentPostprocessing = 0;
		};
		EFFEFA8C28131AE60016A7FD /* Frameworks */ = {
			isa = PBXFrameworksBuildPhase;
			buildActionMask = 2147483647;
			files = (
			);
			runOnlyForDeploymentPostprocessing = 0;
		};
/* End PBXFrameworksBuildPhase section */

/* Begin PBXGroup section */
		EFFEFA6328131AE40016A7FD = {
			isa = PBXGroup;
			children = (
				EFFEFA6E28131AE40016A7FD /* SpaceInvaders_Edu */,
				EFFEFA8828131AE60016A7FD /* SpaceInvaders_EduTests */,
				EFFEFA9228131AE60016A7FD /* SpaceInvaders_EduUITests */,
				EFFEFA6D28131AE40016A7FD /* Products */,
			);
			sourceTree = "<group>";
		};
		EFFEFA6D28131AE40016A7FD /* Products */ = {
			isa = PBXGroup;
			children = (
				EFFEFA6C28131AE40016A7FD /* SpaceInvaders_Edu.app */,
				EFFEFA8528131AE60016A7FD /* SpaceInvaders_EduTests.xctest */,
				EFFEFA8F28131AE60016A7FD /* SpaceInvaders_EduUITests.xctest */,
			);
			name = Products;
			sourceTree = "<group>";
		};
		EFFEFA6E28131AE40016A7FD /* SpaceInvaders_Edu */ = {
			isa = PBXGroup;
			children = (
				EFFEFA6F28131AE40016A7FD /* AppDelegate.swift */,
				EFFEFA7128131AE40016A7FD /* GameScene.sks */,
				EFFEFA7328131AE40016A7FD /* Actions.sks */,
				EFFEFA7528131AE40016A7FD /* GameScene.swift */,
				EFFEFA7728131AE40016A7FD /* GameViewController.swift */,
				EFFEFA7928131AE40016A7FD /* Main.storyboard */,
				EFFEFA7C28131AE60016A7FD /* Assets.xcassets */,
				EFFEFA7E28131AE60016A7FD /* LaunchScreen.storyboard */,
			);
			path = SpaceInvaders_Edu;
			sourceTree = "<group>";
		};
		EFFEFA8828131AE60016A7FD /* SpaceInvaders_EduTests */ = {
			isa = PBXGroup;
			children = (
				EFFEFA8928131AE60016A7FD /* SpaceInvaders_EduTests.swift */,
			);
			path = SpaceInvaders_EduTests;
			sourceTree = "<group>";
		};
		EFFEFA9228131AE60016A7FD /* SpaceInvaders_EduUITests */ = {
			isa = PBXGroup;
			children = (
				EFFEFA9328131AE60016A7FD /* SpaceInvaders_EduUITests.swift */,
				EFFEFA9528131AE60016A7FD /* SpaceInvaders_EduUITestsLaunchTests.swift */,
			);
			path = SpaceInvaders_EduUITests;
			sourceTree = "<group>";
		};
/* End PBXGroup section */

/* Begin PBXNativeTarget section */
		EFFEFA6B28131AE40016A7FD /* SpaceInvaders_Edu */ = {
			isa = PBXNativeTarget;
			buildConfigurationList = EFFEFA9928131AE60016A7FD /* Build configuration list for PBXNativeTarget "SpaceInvaders_Edu" */;
			buildPhases = (
				EFFEFA6828131AE40016A7FD /* Sources */,
				EFFEFA6928131AE40016A7FD /* Frameworks */,
				EFFEFA6A28131AE40016A7FD /* Resources */,
			);
			buildRules = (
			);
			dependencies = (
			);
			name = SpaceInvaders_Edu;
			productName = SpaceInvaders_Edu;
			productReference = EFFEFA6C28131AE40016A7FD /* SpaceInvaders_Edu.app */;
			productType = "com.apple.product-type.application";
		};
		EFFEFA8428131AE60016A7FD /* SpaceInvaders_EduTests */ = {
			isa = PBXNativeTarget;
			buildConfigurationList = EFFEFA9C28131AE60016A7FD /* Build configuration list for PBXNativeTarget "SpaceInvaders_EduTests" */;
			buildPhases = (
				EFFEFA8128131AE60016A7FD /* Sources */,
				EFFEFA8228131AE60016A7FD /* Frameworks */,
				EFFEFA8328131AE60016A7FD /* Resources */,
			);
			buildRules = (
			);
			dependencies = (
				EFFEFA8728131AE60016A7FD /* PBXTargetDependency */,
			);
			name = SpaceInvaders_EduTests;
			productName = SpaceInvaders_EduTests;
			productReference = EFFEFA8528131AE60016A7FD /* SpaceInvaders_EduTests.xctest */;
			productType = "com.apple.product-type.bundle.unit-test";
		};
		EFFEFA8E28131AE60016A7FD /* SpaceInvaders_EduUITests */ = {
			isa = PBXNativeTarget;
			buildConfigurationList = EFFEFA9F28131AE60016A7FD /* Build configuration list for PBXNativeTarget "SpaceInvaders_EduUITests" */;
			buildPhases = (
				EFFEFA8B28131AE60016A7FD /* Sources */,
				EFFEFA8C28131AE60016A7FD /* Frameworks */,
				EFFEFA8D28131AE60016A7FD /* Resources */,
			);
			buildRules = (
			);
			dependencies = (
				EFFEFA9128131AE60016A7FD /* PBXTargetDependency */,
			);
			name = SpaceInvaders_EduUITests;
			productName = SpaceInvaders_EduUITests;
			productReference = EFFEFA8F28131AE60016A7FD /* SpaceInvaders_EduUITests.xctest */;
			productType = "com.apple.product-type.bundle.ui-testing";
		};
/* End PBXNativeTarget section */

/* Begin PBXProject section */
		EFFEFA6428131AE40016A7FD /* Project object */ = {
			isa = PBXProject;
			attributes = {
				BuildIndependentTargetsInParallel = 1;
				LastSwiftUpdateCheck = 1320;
				LastUpgradeCheck = 1320;
				TargetAttributes = {
					EFFEFA6B28131AE40016A7FD = {
						CreatedOnToolsVersion = 13.2.1;
					};
					EFFEFA8428131AE60016A7FD = {
						CreatedOnToolsVersion = 13.2.1;
						TestTargetID = EFFEFA6B28131AE40016A7FD;
					};
					EFFEFA8E28131AE60016A7FD = {
						CreatedOnToolsVersion = 13.2.1;
						TestTargetID = EFFEFA6B28131AE40016A7FD;
					};
				};
			};
			buildConfigurationList = EFFEFA6728131AE40016A7FD /* Build configuration list for PBXProject "SpaceInvaders_Edu" */;
			compatibilityVersion = "Xcode 13.0";
			developmentRegion = en;
			hasScannedForEncodings = 0;
			knownRegions = (
				en,
				Base,
			);
			mainGroup = EFFEFA6328131AE40016A7FD;
			productRefGroup = EFFEFA6D28131AE40016A7FD /* Products */;
			projectDirPath = "";
			projectRoot = "";
			targets = (
				EFFEFA6B28131AE40016A7FD /* SpaceInvaders_Edu */,
				EFFEFA8428131AE60016A7FD /* SpaceInvaders_EduTests */,
				EFFEFA8E28131AE60016A7FD /* SpaceInvaders_EduUITests */,
			);
		};
/* End PBXProject section */

/* Begin PBXResourcesBuildPhase section */
		EFFEFA6A28131AE40016A7FD /* Resources */ = {
			isa = PBXResourcesBuildPhase;
			buildActionMask = 2147483647;
			files = (
				EFFEFA7B28131AE40016A7FD /* Main.storyboard in Resources */,
				EFFEFA7228131AE40016A7FD /* GameScene.sks in Resources */,
				EFFEFA7D28131AE60016A7FD /* Assets.xcassets in Resources */,
				EFFEFA8028131AE60016A7FD /* LaunchScreen.storyboard in Resources */,
				EFFEFA7428131AE40016A7FD /* Actions.sks in Resources */,
			);
			runOnlyForDeploymentPostprocessing = 0;
		};
		EFFEFA8328131AE60016A7FD /* Resources */ = {
			isa = PBXResourcesBuildPhase;
			buildActionMask = 2147483647;
			files = (
			);
			runOnlyForDeploymentPostprocessing = 0;
		};
		EFFEFA8D28131AE60016A7FD /* Resources */ = {
			isa = PBXResourcesBuildPhase;
			buildActionMask = 2147483647;
			files = (
			);
			runOnlyForDeploymentPostprocessing = 0;
		};
/* End PBXResourcesBuildPhase section */

/* Begin PBXSourcesBuildPhase section */
		EFFEFA6828131AE40016A7FD /* Sources */ = {
			isa = PBXSourcesBuildPhase;
			buildActionMask = 2147483647;
			files = (
				EFFEFA7628131AE40016A7FD /* GameScene.swift in Sources */,
				EFFEFA7828131AE40016A7FD /* GameViewController.swift in Sources */,
				EFFEFA7028131AE40016A7FD /* AppDelegate.swift in Sources */,
			);
			runOnlyForDeploymentPostprocessing = 0;
		};
		EFFEFA8128131AE60016A7FD /* Sources */ = {
			isa = PBXSourcesBuildPhase;
			buildActionMask = 2147483647;
			files = (
				EFFEFA8A28131AE60016A7FD /* SpaceInvaders_EduTests.swift in Sources */,
			);
			runOnlyForDeploymentPostprocessing = 0;
		};
		EFFEFA8B28131AE60016A7FD /* Sources */ = {
			isa = PBXSourcesBuildPhase;
			buildActionMask = 2147483647;
			files = (
				EFFEFA9628131AE60016A7FD /* SpaceInvaders_EduUITestsLaunchTests.swift in Sources */,
				EFFEFA9428131AE60016A7FD /* SpaceInvaders_EduUITests.swift in Sources */,
			);
			runOnlyForDeploymentPostprocessing = 0;
		};
/* End PBXSourcesBuildPhase section */

/* Begin PBXTargetDependency section */
		EFFEFA8728131AE60016A7FD /* PBXTargetDependency */ = {
			isa = PBXTargetDependency;
			target = EFFEFA6B28131AE40016A7FD /* SpaceInvaders_Edu */;
			targetProxy = EFFEFA8628131AE60016A7FD /* PBXContainerItemProxy */;
		};
		EFFEFA9128131AE60016A7FD /* PBXTargetDependency */ = {
			isa = PBXTargetDependency;
			target = EFFEFA6B28131AE40016A7FD /* SpaceInvaders_Edu */;
			targetProxy = EFFEFA9028131AE60016A7FD /* PBXContainerItemProxy */;
		};
/* End PBXTargetDependency section */

/* Begin PBXVariantGroup section */
		EFFEFA7928131AE40016A7FD /* Main.storyboard */ = {
			isa = PBXVariantGroup;
			children = (
				EFFEFA7A28131AE40016A7FD /* Base */,
			);
			name = Main.storyboard;
			sourceTree = "<group>";
		};
		EFFEFA7E28131AE60016A7FD /* LaunchScreen.storyboard */ = {
			isa = PBXVariantGroup;
			children = (
				EFFEFA7F28131AE60016A7FD /* Base */,
			);
			name = LaunchScreen.storyboard;
			sourceTree = "<group>";
		};
/* End PBXVariantGroup section */

/* Begin XCBuildConfiguration section */
		EFFEFA9728131AE60016A7FD /* Debug */ = {
			isa = XCBuildConfiguration;
			buildSettings = {
				ALWAYS_SEARCH_USER_PATHS = NO;
				CLANG_ANALYZER_NONNULL = YES;
				CLANG_ANALYZER_NUMBER_OBJECT_CONVERSION = YES_AGGRESSIVE;
				CLANG_CXX_LANGUAGE_STANDARD = "gnu++17";
				CLANG_CXX_LIBRARY = "libc++";
				CLANG_ENABLE_MODULES = YES;
				CLANG_ENABLE_OBJC_ARC = YES;
				CLANG_ENABLE_OBJC_WEAK = YES;
				CLANG_WARN_BLOCK_CAPTURE_AUTORELEASING = YES;
				CLANG_WARN_BOOL_CONVERSION = YES;
				CLANG_WARN_COMMA = YES;
				CLANG_WARN_CONSTANT_CONVERSION = YES;
				CLANG_WARN_DEPRECATED_OBJC_IMPLEMENTATIONS = YES;
				CLANG_WARN_DIRECT_OBJC_ISA_USAGE = YES_ERROR;
				CLANG_WARN_DOCUMENTATION_COMMENTS = YES;
				CLANG_WARN_EMPTY_BODY = YES;
				CLANG_WARN_ENUM_CONVERSION = YES;
				CLANG_WARN_INFINITE_RECURSION = YES;
				CLANG_WARN_INT_CONVERSION = YES;
				CLANG_WARN_NON_LITERAL_NULL_CONVERSION = YES;
				CLANG_WARN_OBJC_IMPLICIT_RETAIN_SELF = YES;
				CLANG_WARN_OBJC_LITERAL_CONVERSION = YES;
				CLANG_WARN_OBJC_ROOT_CLASS = YES_ERROR;
				CLANG_WARN_QUOTED_INCLUDE_IN_FRAMEWORK_HEADER = YES;
				CLANG_WARN_RANGE_LOOP_ANALYSIS = YES;
				CLANG_WARN_STRICT_PROTOTYPES = YES;
				CLANG_WARN_SUSPICIOUS_MOVE = YES;
				CLANG_WARN_UNGUARDED_AVAILABILITY = YES_AGGRESSIVE;
				CLANG_WARN_UNREACHABLE_CODE = YES;
				CLANG_WARN__DUPLICATE_METHOD_MATCH = YES;
				COPY_PHASE_STRIP = NO;
				DEBUG_INFORMATION_FORMAT = dwarf;
				ENABLE_STRICT_OBJC_MSGSEND = YES;
				ENABLE_TESTABILITY = YES;
				GCC_C_LANGUAGE_STANDARD = gnu11;
				GCC_DYNAMIC_NO_PIC = NO;
				GCC_NO_COMMON_BLOCKS = YES;
				GCC_OPTIMIZATION_LEVEL = 0;
				GCC_PREPROCESSOR_DEFINITIONS = (
					"DEBUG=1",
					"$(inherited)",
				);
				GCC_WARN_64_TO_32_BIT_CONVERSION = YES;
				GCC_WARN_ABOUT_RETURN_TYPE = YES_ERROR;
				GCC_WARN_UNDECLARED_SELECTOR = YES;
				GCC_WARN_UNINITIALIZED_AUTOS = YES_AGGRESSIVE;
				GCC_WARN_UNUSED_FUNCTION = YES;
				GCC_WARN_UNUSED_VARIABLE = YES;
				IPHONEOS_DEPLOYMENT_TARGET = 15.2;
				MTL_ENABLE_DEBUG_INFO = INCLUDE_SOURCE;
				MTL_FAST_MATH = YES;
				ONLY_ACTIVE_ARCH = YES;
				SDKROOT = iphoneos;
				SWIFT_ACTIVE_COMPILATION_CONDITIONS = DEBUG;
				SWIFT_OPTIMIZATION_LEVEL = "-Onone";
			};
			name = Debug;
		};
		EFFEFA9828131AE60016A7FD /* Release */ = {
			isa = XCBuildConfiguration;
			buildSettings = {
				ALWAYS_SEARCH_USER_PATHS = NO;
				CLANG_ANALYZER_NONNULL = YES;
				CLANG_ANALYZER_NUMBER_OBJECT_CONVERSION = YES_AGGRESSIVE;
				CLANG_CXX_LANGUAGE_STANDARD = "gnu++17";
				CLANG_CXX_LIBRARY = "libc++";
				CLANG_ENABLE_MODULES = YES;
				CLANG_ENABLE_OBJC_ARC = YES;
				CLANG_ENABLE_OBJC_WEAK = YES;
				CLANG_WARN_BLOCK_CAPTURE_AUTORELEASING = YES;
				CLANG_WARN_BOOL_CONVERSION = YES;
				CLANG_WARN_COMMA = YES;
				CLANG_WARN_CONSTANT_CONVERSION = YES;
				CLANG_WARN_DEPRECATED_OBJC_IMPLEMENTATIONS = YES;
				CLANG_WARN_DIRECT_OBJC_ISA_USAGE = YES_ERROR;
				CLANG_WARN_DOCUMENTATION_COMMENTS = YES;
				CLANG_WARN_EMPTY_BODY = YES;
				CLANG_WARN_ENUM_CONVERSION = YES;
				CLANG_WARN_INFINITE_RECURSION = YES;
				CLANG_WARN_INT_CONVERSION = YES;
				CLANG_WARN_NON_LITERAL_NULL_CONVERSION = YES;
				CLANG_WARN_OBJC_IMPLICIT_RETAIN_SELF = YES;
				CLANG_WARN_OBJC_LITERAL_CONVERSION = YES;
				CLANG_WARN_OBJC_ROOT_CLASS = YES_ERROR;
				CLANG_WARN_QUOTED_INCLUDE_IN_FRAMEWORK_HEADER = YES;
				CLANG_WARN_RANGE_LOOP_ANALYSIS = YES;
				CLANG_WARN_STRICT_PROTOTYPES = YES;
				CLANG_WARN_SUSPICIOUS_MOVE = YES;
				CLANG_WARN_UNGUARDED_AVAILABILITY = YES_AGGRESSIVE;
				CLANG_WARN_UNREACHABLE_CODE = YES;
				CLANG_WARN__DUPLICATE_METHOD_MATCH = YES;
				COPY_PHASE_STRIP = NO;
				DEBUG_INFORMATION_FORMAT = "dwarf-with-dsym";
				ENABLE_NS_ASSERTIONS = NO;
				ENABLE_STRICT_OBJC_MSGSEND = YES;
				GCC_C_LANGUAGE_STANDARD = gnu11;
				GCC_NO_COMMON_BLOCKS = YES;
				GCC_WARN_64_TO_32_BIT_CONVERSION = YES;
				GCC_WARN_ABOUT_RETURN_TYPE = YES_ERROR;
				GCC_WARN_UNDECLARED_SELECTOR = YES;
				GCC_WARN_UNINITIALIZED_AUTOS = YES_AGGRESSIVE;
				GCC_WARN_UNUSED_FUNCTION = YES;
				GCC_WARN_UNUSED_VARIABLE = YES;
				IPHONEOS_DEPLOYMENT_TARGET = 15.2;
				MTL_ENABLE_DEBUG_INFO = NO;
				MTL_FAST_MATH = YES;
				SDKROOT = iphoneos;
				SWIFT_COMPILATION_MODE = wholemodule;
				SWIFT_OPTIMIZATION_LEVEL = "-O";
				VALIDATE_PRODUCT = YES;
			};
			name = Release;
		};
		EFFEFA9A28131AE60016A7FD /* Debug */ = {
			isa = XCBuildConfiguration;
			buildSettings = {
				ASSETCATALOG_COMPILER_APPICON_NAME = AppIcon;
				ASSETCATALOG_COMPILER_GLOBAL_ACCENT_COLOR_NAME = AccentColor;
				CODE_SIGN_STYLE = Automatic;
				CURRENT_PROJECT_VERSION = 1;
				GENERATE_INFOPLIST_FILE = YES;
				INFOPLIST_KEY_UIApplicationSupportsIndirectInputEvents = YES;
				INFOPLIST_KEY_UILaunchStoryboardName = LaunchScreen;
				INFOPLIST_KEY_UIMainStoryboardFile = Main;
				INFOPLIST_KEY_UIStatusBarHidden = YES;
				INFOPLIST_KEY_UISupportedInterfaceOrientations_iPad = "UIInterfaceOrientationPortrait UIInterfaceOrientationPortraitUpsideDown UIInterfaceOrientationLandscapeLeft UIInterfaceOrientationLandscapeRight";
				INFOPLIST_KEY_UISupportedInterfaceOrientations_iPhone = "UIInterfaceOrientationPortrait UIInterfaceOrientationLandscapeLeft UIInterfaceOrientationLandscapeRight";
				LD_RUNPATH_SEARCH_PATHS = (
					"$(inherited)",
					"@executable_path/Frameworks",
				);
				MARKETING_VERSION = 1.0;
				PRODUCT_BUNDLE_IDENTIFIER = "edu.SpaceInvaders-Edu";
				PRODUCT_NAME = "$(TARGET_NAME)";
				SWIFT_EMIT_LOC_STRINGS = YES;
				SWIFT_VERSION = 5.0;
				TARGETED_DEVICE_FAMILY = "1,2";
			};
			name = Debug;
		};
		EFFEFA9B28131AE60016A7FD /* Release */ = {
			isa = XCBuildConfiguration;
			buildSettings = {
				ASSETCATALOG_COMPILER_APPICON_NAME = AppIcon;
				ASSETCATALOG_COMPILER_GLOBAL_ACCENT_COLOR_NAME = AccentColor;
				CODE_SIGN_STYLE = Automatic;
				CURRENT_PROJECT_VERSION = 1;
				GENERATE_INFOPLIST_FILE = YES;
				INFOPLIST_KEY_UIApplicationSupportsIndirectInputEvents = YES;
				INFOPLIST_KEY_UILaunchStoryboardName = LaunchScreen;
				INFOPLIST_KEY_UIMainStoryboardFile = Main;
				INFOPLIST_KEY_UIStatusBarHidden = YES;
				INFOPLIST_KEY_UISupportedInterfaceOrientations_iPad = "UIInterfaceOrientationPortrait UIInterfaceOrientationPortraitUpsideDown UIInterfaceOrientationLandscapeLeft UIInterfaceOrientationLandscapeRight";
				INFOPLIST_KEY_UISupportedInterfaceOrientations_iPhone = "UIInterfaceOrientationPortrait UIInterfaceOrientationLandscapeLeft UIInterfaceOrientationLandscapeRight";
				LD_RUNPATH_SEARCH_PATHS = (
					"$(inherited)",
					"@executable_path/Frameworks",
				);
				MARKETING_VERSION = 1.0;
				PRODUCT_BUNDLE_IDENTIFIER = "edu.SpaceInvaders-Edu";
				PRODUCT_NAME = "$(TARGET_NAME)";
				SWIFT_EMIT_LOC_STRINGS = YES;
				SWIFT_VERSION = 5.0;
				TARGETED_DEVICE_FAMILY = "1,2";
			};
			name = Release;
		};
		EFFEFA9D28131AE60016A7FD /* Debug */ = {
			isa = XCBuildConfiguration;
			buildSettings = {
				ALWAYS_EMBED_SWIFT_STANDARD_LIBRARIES = YES;
				BUNDLE_LOADER = "$(TEST_HOST)";
				CODE_SIGN_STYLE = Automatic;
				CURRENT_PROJECT_VERSION = 1;
				GENERATE_INFOPLIST_FILE = YES;
				IPHONEOS_DEPLOYMENT_TARGET = 15.2;
				MARKETING_VERSION = 1.0;
				PRODUCT_BUNDLE_IDENTIFIER = "edu.SpaceInvaders-EduTests";
				PRODUCT_NAME = "$(TARGET_NAME)";
				SWIFT_EMIT_LOC_STRINGS = NO;
				SWIFT_VERSION = 5.0;
				TARGETED_DEVICE_FAMILY = "1,2";
				TEST_HOST = "$(BUILT_PRODUCTS_DIR)/SpaceInvaders_Edu.app/SpaceInvaders_Edu";
			};
			name = Debug;
		};
		EFFEFA9E28131AE60016A7FD /* Release */ = {
			isa = XCBuildConfiguration;
			buildSettings = {
				ALWAYS_EMBED_SWIFT_STANDARD_LIBRARIES = YES;
				BUNDLE_LOADER = "$(TEST_HOST)";
				CODE_SIGN_STYLE = Automatic;
				CURRENT_PROJECT_VERSION = 1;
				GENERATE_INFOPLIST_FILE = YES;
				IPHONEOS_DEPLOYMENT_TARGET = 15.2;
				MARKETING_VERSION = 1.0;
				PRODUCT_BUNDLE_IDENTIFIER = "edu.SpaceInvaders-EduTests";
				PRODUCT_NAME = "$(TARGET_NAME)";
				SWIFT_EMIT_LOC_STRINGS = NO;
				SWIFT_VERSION = 5.0;
				TARGETED_DEVICE_FAMILY = "1,2";
				TEST_HOST = "$(BUILT_PRODUCTS_DIR)/SpaceInvaders_Edu.app/SpaceInvaders_Edu";
			};
			name = Release;
		};
		EFFEFAA028131AE60016A7FD /* Debug */ = {
			isa = XCBuildConfiguration;
			buildSettings = {
				ALWAYS_EMBED_SWIFT_STANDARD_LIBRARIES = YES;
				CODE_SIGN_STYLE = Automatic;
				CURRENT_PROJECT_VERSION = 1;
				GENERATE_INFOPLIST_FILE = YES;
				MARKETING_VERSION = 1.0;
				PRODUCT_BUNDLE_IDENTIFIER = "edu.SpaceInvaders-EduUITests";
				PRODUCT_NAME = "$(TARGET_NAME)";
				SWIFT_EMIT_LOC_STRINGS = NO;
				SWIFT_VERSION = 5.0;
				TARGETED_DEVICE_FAMILY = "1,2";
				TEST_TARGET_NAME = SpaceInvaders_Edu;
			};
			name = Debug;
		};
		EFFEFAA128131AE60016A7FD /* Release */ = {
			isa = XCBuildConfiguration;
			buildSettings = {
				ALWAYS_EMBED_SWIFT_STANDARD_LIBRARIES = YES;
				CODE_SIGN_STYLE = Automatic;
				CURRENT_PROJECT_VERSION = 1;
				GENERATE_INFOPLIST_FILE = YES;
				MARKETING_VERSION = 1.0;
				PRODUCT_BUNDLE_IDENTIFIER = "edu.SpaceInvaders-EduUITests";
				PRODUCT_NAME = "$(TARGET_NAME)";
				SWIFT_EMIT_LOC_STRINGS = NO;
				SWIFT_VERSION = 5.0;
				TARGETED_DEVICE_FAMILY = "1,2";
				TEST_TARGET_NAME = SpaceInvaders_Edu;
			};
			name = Release;
		};
/* End XCBuildConfiguration section */

/* Begin XCConfigurationList section */
		EFFEFA6728131AE40016A7FD /* Build configuration list for PBXProject "SpaceInvaders_Edu" */ = {
			isa = XCConfigurationList;
			buildConfigurations = (
				EFFEFA9728131AE60016A7FD /* Debug */,
				EFFEFA9828131AE60016A7FD /* Release */,
			);
			defaultConfigurationIsVisible = 0;
			defaultConfigurationName = Release;
		};
		EFFEFA9928131AE60016A7FD /* Build configuration list for PBXNativeTarget "SpaceInvaders_Edu" */ = {
			isa = XCConfigurationList;
			buildConfigurations = (
				EFFEFA9A28131AE60016A7FD /* Debug */,
				EFFEFA9B28131AE60016A7FD /* Release */,
			);
			defaultConfigurationIsVisible = 0;
			defaultConfigurationName = Release;
		};
		EFFEFA9C28131AE60016A7FD /* Build configuration list for PBXNativeTarget "SpaceInvaders_EduTests" */ = {
			isa = XCConfigurationList;
			buildConfigurations = (
				EFFEFA9D28131AE60016A7FD /* Debug */,
				EFFEFA9E28131AE60016A7FD /* Release */,
			);
			defaultConfigurationIsVisible = 0;
			defaultConfigurationName = Release;
		};
		EFFEFA9F28131AE60016A7FD /* Build configuration list for PBXNativeTarget "SpaceInvaders_EduUITests" */ = {
			isa = XCConfigurationList;
			buildConfigurations = (
				EFFEFAA028131AE60016A7FD /* Debug */,
				EFFEFAA128131AE60016A7FD /* Release */,
			);
			defaultConfigurationIsVisible = 0;
			defaultConfigurationName = Release;
		};
/* End XCConfigurationList section */
	};
	rootObject = EFFEFA6428131AE40016A7FD /* Project object */;
}
